
Microsoft Visual Studio Solution File, Format Version 12.00
# Visual Studio 15
VisualStudioVersion = 15.0.28307.1062
MinimumVisualStudioVersion = 10.0.40219.1
Project("{8BC9CEB8-8B4A-11D0-8D11-00A0C91BC942}") = "prectice9_5", "prectice9_5\prectice9_5.vcxproj", "{F6A72CEB-75C7-4153-84C2-D106E9892EFC}"
EndProject
Global
	GlobalSection(SolutionConfigurationPlatforms) = preSolution
		Debug|x64 = Debug|x64
		Debug|x86 = Debug|x86
		Release|x64 = Release|x64
		Release|x86 = Release|x86
	EndGlobalSection
	GlobalSection(ProjectConfigurationPlatforms) = postSolution
		{F6A72CEB-75C7-4153-84C2-D106E9892EFC}.Debug|x64.ActiveCfg = Debug|x64
		{F6A72CEB-75C7-4153-84C2-D106E9892EFC}.Debug|x64.Build.0 = Debug|x64
		{F6A72CEB-75C7-4153-84C2-D106E9892EFC}.Debug|x86.ActiveCfg = Debug|Win32
		{F6A72CEB-75C7-4153-84C2-D106E9892EFC}.Debug|x86.Build.0 = Debug|Win32
		{F6A72CEB-75C7-4153-84C2-D106E9892EFC}.Release|x64.ActiveCfg = Release|x64
		{F6A72CEB-75C7-4153-84C2-D106E9892EFC}.Release|x64.Build.0 = Release|x64
		{F6A72CEB-75C7-4153-84C2-D106E9892EFC}.Release|x86.ActiveCfg = Release|Win32
		{F6A72CEB-75C7-4153-84C2-D106E9892EFC}.Release|x86.Build.0 = Release|Win32
	EndGlobalSection
	GlobalSection(SolutionProperties) = preSolution
		HideSolutionNode = FALSE
	EndGlobalSection
	GlobalSection(ExtensibilityGlobals) = postSolution
		SolutionGuid = {BAB80B8F-5B46-4FBF-ABCD-F7E9BC5660A4}
	EndGlobalSection
EndGlobal
