
Microsoft Visual Studio Solution File, Format Version 12.00
# Visual Studio 15
VisualStudioVersion = 15.0.28307.757
MinimumVisualStudioVersion = 10.0.40219.1
Project("{888888A0-9F3D-457C-B088-3A5042F75D52}") = "PythonApplication3", "PythonApplication3\PythonApplication3.pyproj", "{65E57FBC-4224-42EB-9BAA-21708F608335}"
EndProject
Global
	GlobalSection(SolutionConfigurationPlatforms) = preSolution
		Debug|Any CPU = Debug|Any CPU
		Release|Any CPU = Release|Any CPU
	EndGlobalSection
	GlobalSection(ProjectConfigurationPlatforms) = postSolution
		{65E57FBC-4224-42EB-9BAA-21708F608335}.Debug|Any CPU.ActiveCfg = Debug|Any CPU
		{65E57FBC-4224-42EB-9BAA-21708F608335}.Release|Any CPU.ActiveCfg = Release|Any CPU
	EndGlobalSection
	GlobalSection(SolutionProperties) = preSolution
		HideSolutionNode = FALSE
	EndGlobalSection
	GlobalSection(ExtensibilityGlobals) = postSolution
		SolutionGuid = {F6D2FE79-2AB9-477E-9353-6B5FDC1D340C}
	EndGlobalSection
EndGlobal
